
Microsoft Visual Studio Solution File, Format Version 12.00
# Visual Studio Version 17
VisualStudioVersion = 17.0.31903.59
MinimumVisualStudioVersion = 10.0.40219.1
Project("{FAE04EC0-301F-11D3-BF4B-00C04F79EFBC}") = "AocApp", "AocApp\AocApp.csproj", "{BDCE0883-5341-48A8-899C-8E5B75905C51}"
EndProject
Project("{FAE04EC0-301F-11D3-BF4B-00C04F79EFBC}") = "Aoc2021.Tests", "Aoc2021.Tests\Aoc2021.Tests.csproj", "{0174DD4D-FD4A-471C-921D-09D220735785}"
EndProject
Project("{FAE04EC0-301F-11D3-BF4B-00C04F79EFBC}") = "Aoc2021.Lib", "Aoc2021.Lib\Aoc2021.Lib.csproj", "{0C890DA5-DCC1-447E-9A0D-D9742F3A51BF}"
EndProject
Project("{2150E333-8FDC-42A3-9474-1A3956D46DE8}") = "others", "others", "{C714FA46-673D-478C-9CA7-7B64EB5C5E90}"
ProjectSection(SolutionItems) = preProject
	..\README.md = ..\README.md
EndProjectSection
EndProject
Global
	GlobalSection(SolutionConfigurationPlatforms) = preSolution
		Debug|Any CPU = Debug|Any CPU
		Release|Any CPU = Release|Any CPU
	EndGlobalSection
	GlobalSection(ProjectConfigurationPlatforms) = postSolution
		{BDCE0883-5341-48A8-899C-8E5B75905C51}.Debug|Any CPU.ActiveCfg = Debug|Any CPU
		{BDCE0883-5341-48A8-899C-8E5B75905C51}.Debug|Any CPU.Build.0 = Debug|Any CPU
		{BDCE0883-5341-48A8-899C-8E5B75905C51}.Release|Any CPU.ActiveCfg = Release|Any CPU
		{BDCE0883-5341-48A8-899C-8E5B75905C51}.Release|Any CPU.Build.0 = Release|Any CPU
		{0174DD4D-FD4A-471C-921D-09D220735785}.Debug|Any CPU.ActiveCfg = Debug|Any CPU
		{0174DD4D-FD4A-471C-921D-09D220735785}.Debug|Any CPU.Build.0 = Debug|Any CPU
		{0174DD4D-FD4A-471C-921D-09D220735785}.Release|Any CPU.ActiveCfg = Release|Any CPU
		{0174DD4D-FD4A-471C-921D-09D220735785}.Release|Any CPU.Build.0 = Release|Any CPU
		{0C890DA5-DCC1-447E-9A0D-D9742F3A51BF}.Debug|Any CPU.ActiveCfg = Debug|Any CPU
		{0C890DA5-DCC1-447E-9A0D-D9742F3A51BF}.Debug|Any CPU.Build.0 = Debug|Any CPU
		{0C890DA5-DCC1-447E-9A0D-D9742F3A51BF}.Release|Any CPU.ActiveCfg = Release|Any CPU
		{0C890DA5-DCC1-447E-9A0D-D9742F3A51BF}.Release|Any CPU.Build.0 = Release|Any CPU
	EndGlobalSection
	GlobalSection(SolutionProperties) = preSolution
		HideSolutionNode = FALSE
	EndGlobalSection
	GlobalSection(ExtensibilityGlobals) = postSolution
		SolutionGuid = {01E8FE1A-7E0F-42F1-BC33-59D3C8613498}
	EndGlobalSection
EndGlobal
